
Microsoft Visual Studio Solution File, Format Version 12.00
# Visual Studio Version 17
VisualStudioVersion = 17.8.34212.112
MinimumVisualStudioVersion = 10.0.40219.1
Project("{FAE04EC0-301F-11D3-BF4B-00C04F79EFBC}") = "BuildRestrictionRemover", "BuildRestrictionRemover.csproj", "{259C9B02-F5A6-4906-A29A-35AA2A4A3C5C}"
EndProject
Global
	GlobalSection(SolutionConfigurationPlatforms) = preSolution
		Debug|Any CPU = Debug|Any CPU
		Release|Any CPU = Release|Any CPU
	EndGlobalSection
	GlobalSection(ProjectConfigurationPlatforms) = postSolution
		{259C9B02-F5A6-4906-A29A-35AA2A4A3C5C}.Debug|Any CPU.ActiveCfg = Debug|Any CPU
		{259C9B02-F5A6-4906-A29A-35AA2A4A3C5C}.Debug|Any CPU.Build.0 = Debug|Any CPU
		{259C9B02-F5A6-4906-A29A-35AA2A4A3C5C}.Release|Any CPU.ActiveCfg = Release|Any CPU
		{259C9B02-F5A6-4906-A29A-35AA2A4A3C5C}.Release|Any CPU.Build.0 = Release|Any CPU
	EndGlobalSection
	GlobalSection(SolutionProperties) = preSolution
		HideSolutionNode = FALSE
	EndGlobalSection
	GlobalSection(ExtensibilityGlobals) = postSolution
		SolutionGuid = {B600D063-5626-4283-B7AC-50528DE72FA3}
	EndGlobalSection
EndGlobal
